
Microsoft Visual Studio Solution File, Format Version 12.00
# Visual Studio Version 16
VisualStudioVersion = 16.0.30621.155
MinimumVisualStudioVersion = 10.0.40219.1
Project("{FAE04EC0-301F-11D3-BF4B-00C04F79EFBC}") = "ClassMetoDemo", "ClassMetoDemo\ClassMetoDemo.csproj", "{5AD432E7-6DCD-4A2B-8F54-E2CDB364C722}"
EndProject
Global
	GlobalSection(SolutionConfigurationPlatforms) = preSolution
		Debug|Any CPU = Debug|Any CPU
		Release|Any CPU = Release|Any CPU
	EndGlobalSection
	GlobalSection(ProjectConfigurationPlatforms) = postSolution
		{5AD432E7-6DCD-4A2B-8F54-E2CDB364C722}.Debug|Any CPU.ActiveCfg = Debug|Any CPU
		{5AD432E7-6DCD-4A2B-8F54-E2CDB364C722}.Debug|Any CPU.Build.0 = Debug|Any CPU
		{5AD432E7-6DCD-4A2B-8F54-E2CDB364C722}.Release|Any CPU.ActiveCfg = Release|Any CPU
		{5AD432E7-6DCD-4A2B-8F54-E2CDB364C722}.Release|Any CPU.Build.0 = Release|Any CPU
	EndGlobalSection
	GlobalSection(SolutionProperties) = preSolution
		HideSolutionNode = FALSE
	EndGlobalSection
	GlobalSection(ExtensibilityGlobals) = postSolution
		SolutionGuid = {E375DE12-3DFE-49FD-AF43-59E582D22A9F}
	EndGlobalSection
EndGlobal
